
Microsoft Visual Studio Solution File, Format Version 11.00
# Visual Studio Version 17

Project("{8BC9CEB8-8B4A-11D0-8D11-00A0C91BC942}") = "BiRR3D - VST", "BiRR3D_VST.vcxproj", "{B4097375-9317-9156-AFA1-D8BF23C3E91F}"
	ProjectSection(ProjectDependencies) = postProject
		{19BBACAF-37CE-0D2F-FB9B-10BA1876F32C} = {19BBACAF-37CE-0D2F-FB9B-10BA1876F32C}
	EndProjectSection
EndProject
Project("{8BC9CEB8-8B4A-11D0-8D11-00A0C91BC942}") = "BiRR3D - VST3", "BiRR3D_VST3.vcxproj", "{399A7A08-6555-6409-8000-AD466BF50B51}"
	ProjectSection(ProjectDependencies) = postProject
		{19BBACAF-37CE-0D2F-FB9B-10BA1876F32C} = {19BBACAF-37CE-0D2F-FB9B-10BA1876F32C}
		{0BCA5760-3102-B681-F0CD-EAC760B9DC61} = {0BCA5760-3102-B681-F0CD-EAC760B9DC61}
	EndProjectSection
EndProject
Project("{8BC9CEB8-8B4A-11D0-8D11-00A0C91BC942}") = "BiRR3D - Shared Code", "BiRR3D_SharedCode.vcxproj", "{19BBACAF-37CE-0D2F-FB9B-10BA1876F32C}"
EndProject
Project("{8BC9CEB8-8B4A-11D0-8D11-00A0C91BC942}") = "BiRR3D - VST3 Manifest Helper", "BiRR3D_VST3ManifestHelper.vcxproj", "{0BCA5760-3102-B681-F0CD-EAC760B9DC61}"
EndProject
Global
	GlobalSection(SolutionConfigurationPlatforms) = preSolution
		Release|x64 = Release|x64
	EndGlobalSection
	GlobalSection(ProjectConfigurationPlatforms) = postSolution
		{B4097375-9317-9156-AFA1-D8BF23C3E91F}.Release|x64.ActiveCfg = Release|x64
		{B4097375-9317-9156-AFA1-D8BF23C3E91F}.Release|x64.Build.0 = Release|x64
		{399A7A08-6555-6409-8000-AD466BF50B51}.Release|x64.ActiveCfg = Release|x64
		{399A7A08-6555-6409-8000-AD466BF50B51}.Release|x64.Build.0 = Release|x64
		{19BBACAF-37CE-0D2F-FB9B-10BA1876F32C}.Release|x64.ActiveCfg = Release|x64
		{19BBACAF-37CE-0D2F-FB9B-10BA1876F32C}.Release|x64.Build.0 = Release|x64
		{0BCA5760-3102-B681-F0CD-EAC760B9DC61}.Release|x64.ActiveCfg = Release|x64
		{0BCA5760-3102-B681-F0CD-EAC760B9DC61}.Release|x64.Build.0 = Release|x64
	EndGlobalSection
	GlobalSection(SolutionProperties) = preSolution
		HideSolutionNode = FALSE
	EndGlobalSection
EndGlobal
